
Microsoft Visual Studio Solution File, Format Version 12.00
# Visual Studio Version 16
VisualStudioVersion = 16.0.28803.352
MinimumVisualStudioVersion = 10.0.40219.1
Project("{FAE04EC0-301F-11D3-BF4B-00C04F79EFBC}") = "FileCopyProgram", "FileCopyProgram\FileCopyProgram.csproj", "{4ED60D55-BD10-4F88-A595-E477CCA51B89}"
EndProject
Global
	GlobalSection(SolutionConfigurationPlatforms) = preSolution
		Debug|Any CPU = Debug|Any CPU
		Release|Any CPU = Release|Any CPU
	EndGlobalSection
	GlobalSection(ProjectConfigurationPlatforms) = postSolution
		{4ED60D55-BD10-4F88-A595-E477CCA51B89}.Debug|Any CPU.ActiveCfg = Debug|Any CPU
		{4ED60D55-BD10-4F88-A595-E477CCA51B89}.Debug|Any CPU.Build.0 = Debug|Any CPU
		{4ED60D55-BD10-4F88-A595-E477CCA51B89}.Release|Any CPU.ActiveCfg = Release|Any CPU
		{4ED60D55-BD10-4F88-A595-E477CCA51B89}.Release|Any CPU.Build.0 = Release|Any CPU
	EndGlobalSection
	GlobalSection(SolutionProperties) = preSolution
		HideSolutionNode = FALSE
	EndGlobalSection
	GlobalSection(ExtensibilityGlobals) = postSolution
		SolutionGuid = {9DCEC42C-3C96-48EB-BE64-745E09EF0678}
	EndGlobalSection
EndGlobal
